// !$*UTF8*$!
{
	archiveVersion = 1;
	classes = {
	};
	objectVersion = 48;
	objects = {

/* Begin PBXBuildFile section */
		85AAA6A11FB12711000453E9 /* AppDelegate.swift in Sources */ = {isa = PBXBuildFile; fileRef = 85AAA6A01FB12711000453E9 /* AppDelegate.swift */; };
		85AAA6A31FB12711000453E9 /* ViewController.swift in Sources */ = {isa = PBXBuildFile; fileRef = 85AAA6A21FB12711000453E9 /* ViewController.swift */; };
		85AAA6A61FB12711000453E9 /* Main.storyboard in Resources */ = {isa = PBXBuildFile; fileRef = 85AAA6A41FB12711000453E9 /* Main.storyboard */; };
		85AAA6A91FB12711000453E9 /* DataStructures.xcdatamodeld in Sources */ = {isa = PBXBuildFile; fileRef = 85AAA6A71FB12711000453E9 /* DataStructures.xcdatamodeld */; };
		85AAA6AB1FB12711000453E9 /* Assets.xcassets in Resources */ = {isa = PBXBuildFile; fileRef = 85AAA6AA1FB12711000453E9 /* Assets.xcassets */; };
		85AAA6AE1FB12711000453E9 /* LaunchScreen.storyboard in Resources */ = {isa = PBXBuildFile; fileRef = 85AAA6AC1FB12711000453E9 /* LaunchScreen.storyboard */; };
		85AAA6B61FB148B8000453E9 /* topicCell.swift in Sources */ = {isa = PBXBuildFile; fileRef = 85AAA6B51FB148B8000453E9 /* topicCell.swift */; };
/* End PBXBuildFile section */

/* Begin PBXFileReference section */
		85AAA69D1FB12711000453E9 /* DataStructures.app */ = {isa = PBXFileReference; explicitFileType = wrapper.application; includeInIndex = 0; path = DataStructures.app; sourceTree = BUILT_PRODUCTS_DIR; };
		85AAA6A01FB12711000453E9 /* AppDelegate.swift */ = {isa = PBXFileReference; lastKnownFileType = sourcecode.swift; path = AppDelegate.swift; sourceTree = "<group>"; };
		85AAA6A21FB12711000453E9 /* ViewController.swift */ = {isa = PBXFileReference; lastKnownFileType = sourcecode.swift; path = ViewController.swift; sourceTree = "<group>"; };
		85AAA6A51FB12711000453E9 /* Base */ = {isa = PBXFileReference; lastKnownFileType = file.storyboard; name = Base; path = Base.lproj/Main.storyboard; sourceTree = "<group>"; };
		85AAA6A81FB12711000453E9 /* DataStructures.xcdatamodel */ = {isa = PBXFileReference; lastKnownFileType = wrapper.xcdatamodel; path = DataStructures.xcdatamodel; sourceTree = "<group>"; };
		85AAA6AA1FB12711000453E9 /* Assets.xcassets */ = {isa = PBXFileReference; lastKnownFileType = folder.assetcatalog; path = Assets.xcassets; sourceTree = "<group>"; };
		85AAA6AD1FB12711000453E9 /* Base */ = {isa = PBXFileReference; lastKnownFileType = file.storyboard; name = Base; path = Base.lproj/LaunchScreen.storyboard; sourceTree = "<group>"; };
		85AAA6AF1FB12711000453E9 /* Info.plist */ = {isa = PBXFileReference; lastKnownFileType = text.plist.xml; path = Info.plist; sourceTree = "<group>"; };
		85AAA6B51FB148B8000453E9 /* topicCell.swift */ = {isa = PBXFileReference; lastKnownFileType = sourcecode.swift; path = topicCell.swift; sourceTree = "<group>"; };
/* End PBXFileReference section */

/* Begin PBXFrameworksBuildPhase section */
		85AAA69A1FB12711000453E9 /* Frameworks */ = {
			isa = PBXFrameworksBuildPhase;
			buildActionMask = 2147483647;
			files = (
			);
			runOnlyForDeploymentPostprocessing = 0;
		};
/* End PBXFrameworksBuildPhase section */

/* Begin PBXGroup section */
		85AAA6941FB12711000453E9 = {
			isa = PBXGroup;
			children = (
				85AAA69F1FB12711000453E9 /* DataStructures */,
				85AAA69E1FB12711000453E9 /* Products */,
			);
			sourceTree = "<group>";
		};
		85AAA69E1FB12711000453E9 /* Products */ = {
			isa = PBXGroup;
			children = (
				85AAA69D1FB12711000453E9 /* DataStructures.app */,
			);
			name = Products;
			sourceTree = "<group>";
		};
		85AAA69F1FB12711000453E9 /* DataStructures */ = {
			isa = PBXGroup;
			children = (
				85AAA6A01FB12711000453E9 /* AppDelegate.swift */,
				85AAA6A21FB12711000453E9 /* ViewController.swift */,
				85AAA6B51FB148B8000453E9 /* topicCell.swift */,
				85AAA6A41FB12711000453E9 /* Main.storyboard */,
				85AAA6AA1FB12711000453E9 /* Assets.xcassets */,
				85AAA6AC1FB12711000453E9 /* LaunchScreen.storyboard */,
				85AAA6AF1FB12711000453E9 /* Info.plist */,
				85AAA6A71FB12711000453E9 /* DataStructures.xcdatamodeld */,
			);
			path = DataStructures;
			sourceTree = "<group>";
		};
/* End PBXGroup section */

/* Begin PBXNativeTarget section */
		85AAA69C1FB12711000453E9 /* DataStructures */ = {
			isa = PBXNativeTarget;
			buildConfigurationList = 85AAA6B21FB12711000453E9 /* Build configuration list for PBXNativeTarget "DataStructures" */;
			buildPhases = (
				85AAA6991FB12711000453E9 /* Sources */,
				85AAA69A1FB12711000453E9 /* Frameworks */,
				85AAA69B1FB12711000453E9 /* Resources */,
			);
			buildRules = (
			);
			dependencies = (
			);
			name = DataStructures;
			productName = DataStructures;
			productReference = 85AAA69D1FB12711000453E9 /* DataStructures.app */;
			productType = "com.apple.product-type.application";
		};
/* End PBXNativeTarget section */

/* Begin PBXProject section */
		85AAA6951FB12711000453E9 /* Project object */ = {
			isa = PBXProject;
			attributes = {
				LastSwiftUpdateCheck = 0910;
				LastUpgradeCheck = 0910;
				ORGANIZATIONNAME = Ethan;
				TargetAttributes = {
					85AAA69C1FB12711000453E9 = {
						CreatedOnToolsVersion = 9.1;
						ProvisioningStyle = Automatic;
					};
				};
			};
			buildConfigurationList = 85AAA6981FB12711000453E9 /* Build configuration list for PBXProject "DataStructures" */;
			compatibilityVersion = "Xcode 8.0";
			developmentRegion = en;
			hasScannedForEncodings = 0;
			knownRegions = (
				en,
				Base,
			);
			mainGroup = 85AAA6941FB12711000453E9;
			productRefGroup = 85AAA69E1FB12711000453E9 /* Products */;
			projectDirPath = "";
			projectRoot = "";
			targets = (
				85AAA69C1FB12711000453E9 /* DataStructures */,
			);
		};
/* End PBXProject section */

/* Begin PBXResourcesBuildPhase section */
		85AAA69B1FB12711000453E9 /* Resources */ = {
			isa = PBXResourcesBuildPhase;
			buildActionMask = 2147483647;
			files = (
				85AAA6AE1FB12711000453E9 /* LaunchScreen.storyboard in Resources */,
				85AAA6AB1FB12711000453E9 /* Assets.xcassets in Resources */,
				85AAA6A61FB12711000453E9 /* Main.storyboard in Resources */,
			);
			runOnlyForDeploymentPostprocessing = 0;
		};
/* End PBXResourcesBuildPhase section */

/* Begin PBXSourcesBuildPhase section */
		85AAA6991FB12711000453E9 /* Sources */ = {
			isa = PBXSourcesBuildPhase;
			buildActionMask = 2147483647;
			files = (
				85AAA6A31FB12711000453E9 /* ViewController.swift in Sources */,
				85AAA6B61FB148B8000453E9 /* topicCell.swift in Sources */,
				85AAA6A11FB12711000453E9 /* AppDelegate.swift in Sources */,
				85AAA6A91FB12711000453E9 /* DataStructures.xcdatamodeld in Sources */,
			);
			runOnlyForDeploymentPostprocessing = 0;
		};
/* End PBXSourcesBuildPhase section */

/* Begin PBXVariantGroup section */
		85AAA6A41FB12711000453E9 /* Main.storyboard */ = {
			isa = PBXVariantGroup;
			children = (
				85AAA6A51FB12711000453E9 /* Base */,
			);
			name = Main.storyboard;
			sourceTree = "<group>";
		};
		85AAA6AC1FB12711000453E9 /* LaunchScreen.storyboard */ = {
			isa = PBXVariantGroup;
			children = (
				85AAA6AD1FB12711000453E9 /* Base */,
			);
			name = LaunchScreen.storyboard;
			sourceTree = "<group>";
		};
/* End PBXVariantGroup section */

/* Begin XCBuildConfiguration section */
		85AAA6B01FB12711000453E9 /* Debug */ = {
			isa = XCBuildConfiguration;
			buildSettings = {
				ALWAYS_SEARCH_USER_PATHS = NO;
				CLANG_ANALYZER_NONNULL = YES;
				CLANG_ANALYZER_NUMBER_OBJECT_CONVERSION = YES_AGGRESSIVE;
				CLANG_CXX_LANGUAGE_STANDARD = "gnu++14";
				CLANG_CXX_LIBRARY = "libc++";
				CLANG_ENABLE_MODULES = YES;
				CLANG_ENABLE_OBJC_ARC = YES;
				CLANG_WARN_BLOCK_CAPTURE_AUTORELEASING = YES;
				CLANG_WARN_BOOL_CONVERSION = YES;
				CLANG_WARN_COMMA = YES;
				CLANG_WARN_CONSTANT_CONVERSION = YES;
				CLANG_WARN_DIRECT_OBJC_ISA_USAGE = YES_ERROR;
				CLANG_WARN_DOCUMENTATION_COMMENTS = YES;
				CLANG_WARN_EMPTY_BODY = YES;
				CLANG_WARN_ENUM_CONVERSION = YES;
				CLANG_WARN_INFINITE_RECURSION = YES;
				CLANG_WARN_INT_CONVERSION = YES;
				CLANG_WARN_NON_LITERAL_NULL_CONVERSION = YES;
				CLANG_WARN_OBJC_LITERAL_CONVERSION = YES;
				CLANG_WARN_OBJC_ROOT_CLASS = YES_ERROR;
				CLANG_WARN_RANGE_LOOP_ANALYSIS = YES;
				CLANG_WARN_STRICT_PROTOTYPES = YES;
				CLANG_WARN_SUSPICIOUS_MOVE = YES;
				CLANG_WARN_UNGUARDED_AVAILABILITY = YES_AGGRESSIVE;
				CLANG_WARN_UNREACHABLE_CODE = YES;
				CLANG_WARN__DUPLICATE_METHOD_MATCH = YES;
				CODE_SIGN_IDENTITY = "iPhone Developer";
				COPY_PHASE_STRIP = NO;
				DEBUG_INFORMATION_FORMAT = dwarf;
				ENABLE_STRICT_OBJC_MSGSEND = YES;
				ENABLE_TESTABILITY = YES;
				GCC_C_LANGUAGE_STANDARD = gnu11;
				GCC_DYNAMIC_NO_PIC = NO;
				GCC_NO_COMMON_BLOCKS = YES;
				GCC_OPTIMIZATION_LEVEL = 0;
				GCC_PREPROCESSOR_DEFINITIONS = (
					"DEBUG=1",
					"$(inherited)",
				);
				GCC_WARN_64_TO_32_BIT_CONVERSION = YES;
				GCC_WARN_ABOUT_RETURN_TYPE = YES_ERROR;
				GCC_WARN_UNDECLARED_SELECTOR = YES;
				GCC_WARN_UNINITIALIZED_AUTOS = YES_AGGRESSIVE;
				GCC_WARN_UNUSED_FUNCTION = YES;
				GCC_WARN_UNUSED_VARIABLE = YES;
				IPHONEOS_DEPLOYMENT_TARGET = 11.1;
				MTL_ENABLE_DEBUG_INFO = YES;
				ONLY_ACTIVE_ARCH = YES;
				SDKROOT = iphoneos;
				SWIFT_ACTIVE_COMPILATION_CONDITIONS = DEBUG;
				SWIFT_OPTIMIZATION_LEVEL = "-Onone";
			};
			name = Debug;
		};
		85AAA6B11FB12711000453E9 /* Release */ = {
			isa = XCBuildConfiguration;
			buildSettings = {
				ALWAYS_SEARCH_USER_PATHS = NO;
				CLANG_ANALYZER_NONNULL = YES;
				CLANG_ANALYZER_NUMBER_OBJECT_CONVERSION = YES_AGGRESSIVE;
				CLANG_CXX_LANGUAGE_STANDARD = "gnu++14";
				CLANG_CXX_LIBRARY = "libc++";
				CLANG_ENABLE_MODULES = YES;
				CLANG_ENABLE_OBJC_ARC = YES;
				CLANG_WARN_BLOCK_CAPTURE_AUTORELEASING = YES;
				CLANG_WARN_BOOL_CONVERSION = YES;
				CLANG_WARN_COMMA = YES;
				CLANG_WARN_CONSTANT_CONVERSION = YES;
				CLANG_WARN_DIRECT_OBJC_ISA_USAGE = YES_ERROR;
				CLANG_WARN_DOCUMENTATION_COMMENTS = YES;
				CLANG_WARN_EMPTY_BODY = YES;
				CLANG_WARN_ENUM_CONVERSION = YES;
				CLANG_WARN_INFINITE_RECURSION = YES;
				CLANG_WARN_INT_CONVERSION = YES;
				CLANG_WARN_NON_LITERAL_NULL_CONVERSION = YES;
				CLANG_WARN_OBJC_LITERAL_CONVERSION = YES;
				CLANG_WARN_OBJC_ROOT_CLASS = YES_ERROR;
				CLANG_WARN_RANGE_LOOP_ANALYSIS = YES;
				CLANG_WARN_STRICT_PROTOTYPES = YES;
				CLANG_WARN_SUSPICIOUS_MOVE = YES;
				CLANG_WARN_UNGUARDED_AVAILABILITY = YES_AGGRESSIVE;
				CLANG_WARN_UNREACHABLE_CODE = YES;
				CLANG_WARN__DUPLICATE_METHOD_MATCH = YES;
				CODE_SIGN_IDENTITY = "iPhone Developer";
				COPY_PHASE_STRIP = NO;
				DEBUG_INFORMATION_FORMAT = "dwarf-with-dsym";
				ENABLE_NS_ASSERTIONS = NO;
				ENABLE_STRICT_OBJC_MSGSEND = YES;
				GCC_C_LANGUAGE_STANDARD = gnu11;
				GCC_NO_COMMON_BLOCKS = YES;
				GCC_WARN_64_TO_32_BIT_CONVERSION = YES;
				GCC_WARN_ABOUT_RETURN_TYPE = YES_ERROR;
				GCC_WARN_UNDECLARED_SELECTOR = YES;
				GCC_WARN_UNINITIALIZED_AUTOS = YES_AGGRESSIVE;
				GCC_WARN_UNUSED_FUNCTION = YES;
				GCC_WARN_UNUSED_VARIABLE = YES;
				IPHONEOS_DEPLOYMENT_TARGET = 11.1;
				MTL_ENABLE_DEBUG_INFO = NO;
				SDKROOT = iphoneos;
				SWIFT_OPTIMIZATION_LEVEL = "-Owholemodule";
				VALIDATE_PRODUCT = YES;
			};
			name = Release;
		};
		85AAA6B31FB12711000453E9 /* Debug */ = {
			isa = XCBuildConfiguration;
			buildSettings = {
				ASSETCATALOG_COMPILER_APPICON_NAME = AppIcon;
				CODE_SIGN_STYLE = Automatic;
				DEVELOPMENT_TEAM = RPB3854KB6;
				INFOPLIST_FILE = DataStructures/Info.plist;
				IPHONEOS_DEPLOYMENT_TARGET = 11.0;
				LD_RUNPATH_SEARCH_PATHS = "$(inherited) @executable_path/Frameworks";
				PRODUCT_BUNDLE_IDENTIFIER = com.ethan.DataStructures;
				PRODUCT_NAME = "$(TARGET_NAME)";
				SWIFT_VERSION = 4.0;
				TARGETED_DEVICE_FAMILY = "1,2";
			};
			name = Debug;
		};
		85AAA6B41FB12711000453E9 /* Release */ = {
			isa = XCBuildConfiguration;
			buildSettings = {
				ASSETCATALOG_COMPILER_APPICON_NAME = AppIcon;
				CODE_SIGN_STYLE = Automatic;
				DEVELOPMENT_TEAM = RPB3854KB6;
				INFOPLIST_FILE = DataStructures/Info.plist;
				IPHONEOS_DEPLOYMENT_TARGET = 11.0;
				LD_RUNPATH_SEARCH_PATHS = "$(inherited) @executable_path/Frameworks";
				PRODUCT_BUNDLE_IDENTIFIER = com.ethan.DataStructures;
				PRODUCT_NAME = "$(TARGET_NAME)";
				SWIFT_VERSION = 4.0;
				TARGETED_DEVICE_FAMILY = "1,2";
			};
			name = Release;
		};
/* End XCBuildConfiguration section */

/* Begin XCConfigurationList section */
		85AAA6981FB12711000453E9 /* Build configuration list for PBXProject "DataStructures" */ = {
			isa = XCConfigurationList;
			buildConfigurations = (
				85AAA6B01FB12711000453E9 /* Debug */,
				85AAA6B11FB12711000453E9 /* Release */,
			);
			defaultConfigurationIsVisible = 0;
			defaultConfigurationName = Release;
		};
		85AAA6B21FB12711000453E9 /* Build configuration list for PBXNativeTarget "DataStructures" */ = {
			isa = XCConfigurationList;
			buildConfigurations = (
				85AAA6B31FB12711000453E9 /* Debug */,
				85AAA6B41FB12711000453E9 /* Release */,
			);
			defaultConfigurationIsVisible = 0;
			defaultConfigurationName = Release;
		};
/* End XCConfigurationList section */

/* Begin XCVersionGroup section */
		85AAA6A71FB12711000453E9 /* DataStructures.xcdatamodeld */ = {
			isa = XCVersionGroup;
			children = (
				85AAA6A81FB12711000453E9 /* DataStructures.xcdatamodel */,
			);
			currentVersion = 85AAA6A81FB12711000453E9 /* DataStructures.xcdatamodel */;
			path = DataStructures.xcdatamodeld;
			sourceTree = "<group>";
			versionGroupType = wrapper.xcdatamodel;
		};
/* End XCVersionGroup section */
	};
	rootObject = 85AAA6951FB12711000453E9 /* Project object */;
}
