// !$*UTF8*$!
{
	archiveVersion = 1;
	classes = {
	};
	objectVersion = 48;
	objects = {

/* Begin PBXBuildFile section */
		7706A5F91D595DBF59379F6E /* Pods_DataStructuresApp.framework in Frameworks */ = {isa = PBXBuildFile; fileRef = 05DA069A5D2367EF89CEC856 /* Pods_DataStructuresApp.framework */; };
		852B1CFD1FBBB4170093A857 /* SummaryVC.swift in Sources */ = {isa = PBXBuildFile; fileRef = 852B1CFC1FBBB4170093A857 /* SummaryVC.swift */; };
		852B1D021FBBB43B0093A857 /* CodeVC.swift in Sources */ = {isa = PBXBuildFile; fileRef = 852B1D011FBBB43B0093A857 /* CodeVC.swift */; };
		AA56167F204BC21F00AC1AFA /* QuizFinish.swift in Sources */ = {isa = PBXBuildFile; fileRef = AA56167E204BC21F00AC1AFA /* QuizFinish.swift */; };
		AA597E86205B4036003A60FA /* DataSingleton.swift in Sources */ = {isa = PBXBuildFile; fileRef = AA597E85205B4036003A60FA /* DataSingleton.swift */; };
		AA5FA8CD20250DEE00292A6A /* QuizVC.swift in Sources */ = {isa = PBXBuildFile; fileRef = AA5FA8CC20250DEE00292A6A /* QuizVC.swift */; };
		AA9650A020658DD200D34B7A /* MarkupParser.swift in Sources */ = {isa = PBXBuildFile; fileRef = AA96509F20658DD200D34B7A /* MarkupParser.swift */; };
		AA9650A220658E4400D34B7A /* CTView.swift in Sources */ = {isa = PBXBuildFile; fileRef = AA9650A120658E4400D34B7A /* CTView.swift */; };
		AA9650A4206596A100D34B7A /* zombies.txt in Resources */ = {isa = PBXBuildFile; fileRef = AA9650A3206596A100D34B7A /* zombies.txt */; };
		AAAF5D0D20372AC600BBEF40 /* QuizQuestionsVC.swift in Sources */ = {isa = PBXBuildFile; fileRef = AAAF5D0C20372AC600BBEF40 /* QuizQuestionsVC.swift */; };
		AAAF5D0F20372AF400BBEF40 /* QuizContinueVC.swift in Sources */ = {isa = PBXBuildFile; fileRef = AAAF5D0E20372AF400BBEF40 /* QuizContinueVC.swift */; };
		AAAF5D112037989B00BBEF40 /* AnswerCell.swift in Sources */ = {isa = PBXBuildFile; fileRef = AAAF5D102037989B00BBEF40 /* AnswerCell.swift */; };
		AAC448182037E3C00040D4EB /* SubTopicCell.swift in Sources */ = {isa = PBXBuildFile; fileRef = AAC448172037E3C00040D4EB /* SubTopicCell.swift */; };
		AAC60A291FDDEF09002189C1 /* VisualizationVC.swift in Sources */ = {isa = PBXBuildFile; fileRef = AAC60A281FDDEF09002189C1 /* VisualizationVC.swift */; };
		AADBEFAC1FCA24D2005A3492 /* JSONData.json in Resources */ = {isa = PBXBuildFile; fileRef = AADBEFAB1FCA24D1005A3492 /* JSONData.json */; };
		D443CCF220632C8E00517B0D /* SubLessonsCell.swift in Sources */ = {isa = PBXBuildFile; fileRef = D443CCF120632C8E00517B0D /* SubLessonsCell.swift */; };
		D46C11E4203951AC00527BA7 /* CodeCell.swift in Sources */ = {isa = PBXBuildFile; fileRef = D46C11E3203951AC00527BA7 /* CodeCell.swift */; };
		D49B8B48201BBE17007A9BBC /* Assets.xcassets in Resources */ = {isa = PBXBuildFile; fileRef = D49B8B47201BBE16007A9BBC /* Assets.xcassets */; };
		D4B9E51A1FB98AE200EA7B59 /* AppDelegate.swift in Sources */ = {isa = PBXBuildFile; fileRef = D4B9E5191FB98AE200EA7B59 /* AppDelegate.swift */; };
		D4B9E51C1FB98AE200EA7B59 /* SubLessons.swift in Sources */ = {isa = PBXBuildFile; fileRef = D4B9E51B1FB98AE200EA7B59 /* SubLessons.swift */; };
		D4B9E51F1FB98AE200EA7B59 /* Main.storyboard in Resources */ = {isa = PBXBuildFile; fileRef = D4B9E51D1FB98AE200EA7B59 /* Main.storyboard */; };
		D4B9E5241FB98AE200EA7B59 /* LaunchScreen.storyboard in Resources */ = {isa = PBXBuildFile; fileRef = D4B9E5221FB98AE200EA7B59 /* LaunchScreen.storyboard */; };
		D4B9E52F1FB98AE200EA7B59 /* DataStructuresAppTests.swift in Sources */ = {isa = PBXBuildFile; fileRef = D4B9E52E1FB98AE200EA7B59 /* DataStructuresAppTests.swift */; };
		D4B9E53A1FB98AE200EA7B59 /* DataStructuresAppUITests.swift in Sources */ = {isa = PBXBuildFile; fileRef = D4B9E5391FB98AE200EA7B59 /* DataStructuresAppUITests.swift */; };
		D4B9E5481FB98C1B00EA7B59 /* Lessons.swift in Sources */ = {isa = PBXBuildFile; fileRef = D4B9E5471FB98C1B00EA7B59 /* Lessons.swift */; };
		D4EA978F1FBAB0FB00F93BCC /* TopicCell.swift in Sources */ = {isa = PBXBuildFile; fileRef = D4EA978E1FBAB0FB00F93BCC /* TopicCell.swift */; };
/* End PBXBuildFile section */

/* Begin PBXContainerItemProxy section */
		D4B9E52B1FB98AE200EA7B59 /* PBXContainerItemProxy */ = {
			isa = PBXContainerItemProxy;
			containerPortal = D4B9E50E1FB98AE200EA7B59 /* Project object */;
			proxyType = 1;
			remoteGlobalIDString = D4B9E5151FB98AE200EA7B59;
			remoteInfo = DataStructuresApp;
		};
		D4B9E5361FB98AE200EA7B59 /* PBXContainerItemProxy */ = {
			isa = PBXContainerItemProxy;
			containerPortal = D4B9E50E1FB98AE200EA7B59 /* Project object */;
			proxyType = 1;
			remoteGlobalIDString = D4B9E5151FB98AE200EA7B59;
			remoteInfo = DataStructuresApp;
		};
/* End PBXContainerItemProxy section */

/* Begin PBXFileReference section */
		0272B21525B534000AAB3D15 /* Pods-DataStructuresApp.release.xcconfig */ = {isa = PBXFileReference; includeInIndex = 1; lastKnownFileType = text.xcconfig; name = "Pods-DataStructuresApp.release.xcconfig"; path = "Pods/Target Support Files/Pods-DataStructuresApp/Pods-DataStructuresApp.release.xcconfig"; sourceTree = "<group>"; };
		05DA069A5D2367EF89CEC856 /* Pods_DataStructuresApp.framework */ = {isa = PBXFileReference; explicitFileType = wrapper.framework; includeInIndex = 0; path = Pods_DataStructuresApp.framework; sourceTree = BUILT_PRODUCTS_DIR; };
		852B1CFC1FBBB4170093A857 /* SummaryVC.swift */ = {isa = PBXFileReference; lastKnownFileType = sourcecode.swift; path = SummaryVC.swift; sourceTree = "<group>"; };
		852B1D011FBBB43B0093A857 /* CodeVC.swift */ = {isa = PBXFileReference; lastKnownFileType = sourcecode.swift; path = CodeVC.swift; sourceTree = "<group>"; };
		AA56167E204BC21F00AC1AFA /* QuizFinish.swift */ = {isa = PBXFileReference; lastKnownFileType = sourcecode.swift; path = QuizFinish.swift; sourceTree = "<group>"; };
		AA597E85205B4036003A60FA /* DataSingleton.swift */ = {isa = PBXFileReference; lastKnownFileType = sourcecode.swift; path = DataSingleton.swift; sourceTree = "<group>"; };
		AA5FA8CC20250DEE00292A6A /* QuizVC.swift */ = {isa = PBXFileReference; lastKnownFileType = sourcecode.swift; path = QuizVC.swift; sourceTree = "<group>"; };
		AA96509F20658DD200D34B7A /* MarkupParser.swift */ = {isa = PBXFileReference; lastKnownFileType = sourcecode.swift; path = MarkupParser.swift; sourceTree = "<group>"; };
		AA9650A120658E4400D34B7A /* CTView.swift */ = {isa = PBXFileReference; lastKnownFileType = sourcecode.swift; path = CTView.swift; sourceTree = "<group>"; };
		AA9650A3206596A100D34B7A /* zombies.txt */ = {isa = PBXFileReference; fileEncoding = 4; lastKnownFileType = text; path = zombies.txt; sourceTree = "<group>"; };
		AAAF5D0C20372AC600BBEF40 /* QuizQuestionsVC.swift */ = {isa = PBXFileReference; lastKnownFileType = sourcecode.swift; path = QuizQuestionsVC.swift; sourceTree = "<group>"; };
		AAAF5D0E20372AF400BBEF40 /* QuizContinueVC.swift */ = {isa = PBXFileReference; lastKnownFileType = sourcecode.swift; path = QuizContinueVC.swift; sourceTree = "<group>"; };
		AAAF5D102037989B00BBEF40 /* AnswerCell.swift */ = {isa = PBXFileReference; lastKnownFileType = sourcecode.swift; path = AnswerCell.swift; sourceTree = "<group>"; };
		AAC448172037E3C00040D4EB /* SubTopicCell.swift */ = {isa = PBXFileReference; lastKnownFileType = sourcecode.swift; path = SubTopicCell.swift; sourceTree = "<group>"; };
		AAC60A281FDDEF09002189C1 /* VisualizationVC.swift */ = {isa = PBXFileReference; fileEncoding = 4; lastKnownFileType = sourcecode.swift; path = VisualizationVC.swift; sourceTree = "<group>"; };
		AADBEFAB1FCA24D1005A3492 /* JSONData.json */ = {isa = PBXFileReference; fileEncoding = 4; lastKnownFileType = text.json; path = JSONData.json; sourceTree = "<group>"; };
		CA18835B57E07967E2A2FB34 /* Pods-DataStructuresApp.debug.xcconfig */ = {isa = PBXFileReference; includeInIndex = 1; lastKnownFileType = text.xcconfig; name = "Pods-DataStructuresApp.debug.xcconfig"; path = "Pods/Target Support Files/Pods-DataStructuresApp/Pods-DataStructuresApp.debug.xcconfig"; sourceTree = "<group>"; };
		D443CCF120632C8E00517B0D /* SubLessonsCell.swift */ = {isa = PBXFileReference; lastKnownFileType = sourcecode.swift; path = SubLessonsCell.swift; sourceTree = "<group>"; };
		D46C11E3203951AC00527BA7 /* CodeCell.swift */ = {isa = PBXFileReference; lastKnownFileType = sourcecode.swift; path = CodeCell.swift; sourceTree = "<group>"; };
		D49B8B47201BBE16007A9BBC /* Assets.xcassets */ = {isa = PBXFileReference; lastKnownFileType = folder.assetcatalog; path = Assets.xcassets; sourceTree = "<group>"; };
		D4B9E5161FB98AE200EA7B59 /* DataStructuresApp.app */ = {isa = PBXFileReference; explicitFileType = wrapper.application; includeInIndex = 0; path = DataStructuresApp.app; sourceTree = BUILT_PRODUCTS_DIR; };
		D4B9E5191FB98AE200EA7B59 /* AppDelegate.swift */ = {isa = PBXFileReference; lastKnownFileType = sourcecode.swift; path = AppDelegate.swift; sourceTree = "<group>"; };
		D4B9E51B1FB98AE200EA7B59 /* SubLessons.swift */ = {isa = PBXFileReference; lastKnownFileType = sourcecode.swift; path = SubLessons.swift; sourceTree = "<group>"; };
		D4B9E51E1FB98AE200EA7B59 /* Base */ = {isa = PBXFileReference; lastKnownFileType = file.storyboard; name = Base; path = Base.lproj/Main.storyboard; sourceTree = "<group>"; };
		D4B9E5231FB98AE200EA7B59 /* Base */ = {isa = PBXFileReference; lastKnownFileType = file.storyboard; name = Base; path = Base.lproj/LaunchScreen.storyboard; sourceTree = "<group>"; };
		D4B9E5251FB98AE200EA7B59 /* Info.plist */ = {isa = PBXFileReference; lastKnownFileType = text.plist.xml; path = Info.plist; sourceTree = "<group>"; };
		D4B9E52A1FB98AE200EA7B59 /* DataStructuresAppTests.xctest */ = {isa = PBXFileReference; explicitFileType = wrapper.cfbundle; includeInIndex = 0; path = DataStructuresAppTests.xctest; sourceTree = BUILT_PRODUCTS_DIR; };
		D4B9E52E1FB98AE200EA7B59 /* DataStructuresAppTests.swift */ = {isa = PBXFileReference; lastKnownFileType = sourcecode.swift; path = DataStructuresAppTests.swift; sourceTree = "<group>"; };
		D4B9E5301FB98AE200EA7B59 /* Info.plist */ = {isa = PBXFileReference; lastKnownFileType = text.plist.xml; path = Info.plist; sourceTree = "<group>"; };
		D4B9E5351FB98AE200EA7B59 /* DataStructuresAppUITests.xctest */ = {isa = PBXFileReference; explicitFileType = wrapper.cfbundle; includeInIndex = 0; path = DataStructuresAppUITests.xctest; sourceTree = BUILT_PRODUCTS_DIR; };
		D4B9E5391FB98AE200EA7B59 /* DataStructuresAppUITests.swift */ = {isa = PBXFileReference; lastKnownFileType = sourcecode.swift; path = DataStructuresAppUITests.swift; sourceTree = "<group>"; };
		D4B9E53B1FB98AE200EA7B59 /* Info.plist */ = {isa = PBXFileReference; lastKnownFileType = text.plist.xml; path = Info.plist; sourceTree = "<group>"; };
		D4B9E5471FB98C1B00EA7B59 /* Lessons.swift */ = {isa = PBXFileReference; lastKnownFileType = sourcecode.swift; path = Lessons.swift; sourceTree = "<group>"; };
		D4EA978E1FBAB0FB00F93BCC /* TopicCell.swift */ = {isa = PBXFileReference; lastKnownFileType = sourcecode.swift; path = TopicCell.swift; sourceTree = "<group>"; };
/* End PBXFileReference section */

/* Begin PBXFrameworksBuildPhase section */
		D4B9E5131FB98AE200EA7B59 /* Frameworks */ = {
			isa = PBXFrameworksBuildPhase;
			buildActionMask = 2147483647;
			files = (
				7706A5F91D595DBF59379F6E /* Pods_DataStructuresApp.framework in Frameworks */,
			);
			runOnlyForDeploymentPostprocessing = 0;
		};
		D4B9E5271FB98AE200EA7B59 /* Frameworks */ = {
			isa = PBXFrameworksBuildPhase;
			buildActionMask = 2147483647;
			files = (
			);
			runOnlyForDeploymentPostprocessing = 0;
		};
		D4B9E5321FB98AE200EA7B59 /* Frameworks */ = {
			isa = PBXFrameworksBuildPhase;
			buildActionMask = 2147483647;
			files = (
			);
			runOnlyForDeploymentPostprocessing = 0;
		};
/* End PBXFrameworksBuildPhase section */

/* Begin PBXGroup section */
		1773CF2F2D22F3CFD800F0A9 /* Pods */ = {
			isa = PBXGroup;
			children = (
				CA18835B57E07967E2A2FB34 /* Pods-DataStructuresApp.debug.xcconfig */,
				0272B21525B534000AAB3D15 /* Pods-DataStructuresApp.release.xcconfig */,
			);
			name = Pods;
			sourceTree = "<group>";
		};
		AAD521A11FD319BD00ECA99C /* Controller */ = {
			isa = PBXGroup;
			children = (
				D4B9E5191FB98AE200EA7B59 /* AppDelegate.swift */,
				AA96509F20658DD200D34B7A /* MarkupParser.swift */,
				AA9650A120658E4400D34B7A /* CTView.swift */,
				D4B9E5471FB98C1B00EA7B59 /* Lessons.swift */,
				D4B9E51B1FB98AE200EA7B59 /* SubLessons.swift */,
				852B1D011FBBB43B0093A857 /* CodeVC.swift */,
				852B1CFC1FBBB4170093A857 /* SummaryVC.swift */,
				AAC60A281FDDEF09002189C1 /* VisualizationVC.swift */,
				AA5FA8CC20250DEE00292A6A /* QuizVC.swift */,
				AAAF5D0C20372AC600BBEF40 /* QuizQuestionsVC.swift */,
				AAAF5D0E20372AF400BBEF40 /* QuizContinueVC.swift */,
				AA56167E204BC21F00AC1AFA /* QuizFinish.swift */,
				D443CCF120632C8E00517B0D /* SubLessonsCell.swift */,
			);
			path = Controller;
			sourceTree = "<group>";
		};
		AAD521A21FD31A7C00ECA99C /* Model */ = {
			isa = PBXGroup;
			children = (
				AADBEFAB1FCA24D1005A3492 /* JSONData.json */,
				D4EA978E1FBAB0FB00F93BCC /* TopicCell.swift */,
				AAAF5D102037989B00BBEF40 /* AnswerCell.swift */,
				AAC448172037E3C00040D4EB /* SubTopicCell.swift */,
				D46C11E3203951AC00527BA7 /* CodeCell.swift */,
				AA597E85205B4036003A60FA /* DataSingleton.swift */,
			);
			path = Model;
			sourceTree = "<group>";
		};
		AAD521A31FD31A8700ECA99C /* View */ = {
			isa = PBXGroup;
			children = (
				D4B9E51D1FB98AE200EA7B59 /* Main.storyboard */,
				D4B9E5221FB98AE200EA7B59 /* LaunchScreen.storyboard */,
				AA9650A3206596A100D34B7A /* zombies.txt */,
				D49B8B47201BBE16007A9BBC /* Assets.xcassets */,
			);
			path = View;
			sourceTree = "<group>";
		};
		D4B9E50D1FB98AE200EA7B59 = {
			isa = PBXGroup;
			children = (
				D4B9E5181FB98AE200EA7B59 /* DataStructuresApp */,
				D4B9E52D1FB98AE200EA7B59 /* DataStructuresAppTests */,
				D4B9E5381FB98AE200EA7B59 /* DataStructuresAppUITests */,
				D4B9E5171FB98AE200EA7B59 /* Products */,
				1773CF2F2D22F3CFD800F0A9 /* Pods */,
				F821CC8185F5878677B6C694 /* Frameworks */,
			);
			sourceTree = "<group>";
		};
		D4B9E5171FB98AE200EA7B59 /* Products */ = {
			isa = PBXGroup;
			children = (
				D4B9E5161FB98AE200EA7B59 /* DataStructuresApp.app */,
				D4B9E52A1FB98AE200EA7B59 /* DataStructuresAppTests.xctest */,
				D4B9E5351FB98AE200EA7B59 /* DataStructuresAppUITests.xctest */,
			);
			name = Products;
			sourceTree = "<group>";
		};
		D4B9E5181FB98AE200EA7B59 /* DataStructuresApp */ = {
			isa = PBXGroup;
			children = (
				AAD521A31FD31A8700ECA99C /* View */,
				AAD521A21FD31A7C00ECA99C /* Model */,
				AAD521A11FD319BD00ECA99C /* Controller */,
				D4B9E5251FB98AE200EA7B59 /* Info.plist */,
			);
			path = DataStructuresApp;
			sourceTree = "<group>";
		};
		D4B9E52D1FB98AE200EA7B59 /* DataStructuresAppTests */ = {
			isa = PBXGroup;
			children = (
				D4B9E52E1FB98AE200EA7B59 /* DataStructuresAppTests.swift */,
				D4B9E5301FB98AE200EA7B59 /* Info.plist */,
			);
			path = DataStructuresAppTests;
			sourceTree = "<group>";
		};
		D4B9E5381FB98AE200EA7B59 /* DataStructuresAppUITests */ = {
			isa = PBXGroup;
			children = (
				D4B9E5391FB98AE200EA7B59 /* DataStructuresAppUITests.swift */,
				D4B9E53B1FB98AE200EA7B59 /* Info.plist */,
			);
			path = DataStructuresAppUITests;
			sourceTree = "<group>";
		};
		F821CC8185F5878677B6C694 /* Frameworks */ = {
			isa = PBXGroup;
			children = (
				05DA069A5D2367EF89CEC856 /* Pods_DataStructuresApp.framework */,
			);
			name = Frameworks;
			sourceTree = "<group>";
		};
/* End PBXGroup section */

/* Begin PBXNativeTarget section */
		D4B9E5151FB98AE200EA7B59 /* DataStructuresApp */ = {
			isa = PBXNativeTarget;
			buildConfigurationList = D4B9E53E1FB98AE200EA7B59 /* Build configuration list for PBXNativeTarget "DataStructuresApp" */;
			buildPhases = (
				087ACF4516155AC057EF6586 /* [CP] Check Pods Manifest.lock */,
				D4B9E5121FB98AE200EA7B59 /* Sources */,
				D4B9E5131FB98AE200EA7B59 /* Frameworks */,
				D4B9E5141FB98AE200EA7B59 /* Resources */,
				4213E72AFCD07076709BAFEC /* [CP] Embed Pods Frameworks */,
				4B3C4AA9E01BBA2D7DFE0FA8 /* [CP] Copy Pods Resources */,
			);
			buildRules = (
			);
			dependencies = (
			);
			name = DataStructuresApp;
			productName = DataStructuresApp;
			productReference = D4B9E5161FB98AE200EA7B59 /* DataStructuresApp.app */;
			productType = "com.apple.product-type.application";
		};
		D4B9E5291FB98AE200EA7B59 /* DataStructuresAppTests */ = {
			isa = PBXNativeTarget;
			buildConfigurationList = D4B9E5411FB98AE200EA7B59 /* Build configuration list for PBXNativeTarget "DataStructuresAppTests" */;
			buildPhases = (
				D4B9E5261FB98AE200EA7B59 /* Sources */,
				D4B9E5271FB98AE200EA7B59 /* Frameworks */,
				D4B9E5281FB98AE200EA7B59 /* Resources */,
			);
			buildRules = (
			);
			dependencies = (
				D4B9E52C1FB98AE200EA7B59 /* PBXTargetDependency */,
			);
			name = DataStructuresAppTests;
			productName = DataStructuresAppTests;
			productReference = D4B9E52A1FB98AE200EA7B59 /* DataStructuresAppTests.xctest */;
			productType = "com.apple.product-type.bundle.unit-test";
		};
		D4B9E5341FB98AE200EA7B59 /* DataStructuresAppUITests */ = {
			isa = PBXNativeTarget;
			buildConfigurationList = D4B9E5441FB98AE200EA7B59 /* Build configuration list for PBXNativeTarget "DataStructuresAppUITests" */;
			buildPhases = (
				D4B9E5311FB98AE200EA7B59 /* Sources */,
				D4B9E5321FB98AE200EA7B59 /* Frameworks */,
				D4B9E5331FB98AE200EA7B59 /* Resources */,
			);
			buildRules = (
			);
			dependencies = (
				D4B9E5371FB98AE200EA7B59 /* PBXTargetDependency */,
			);
			name = DataStructuresAppUITests;
			productName = DataStructuresAppUITests;
			productReference = D4B9E5351FB98AE200EA7B59 /* DataStructuresAppUITests.xctest */;
			productType = "com.apple.product-type.bundle.ui-testing";
		};
/* End PBXNativeTarget section */

/* Begin PBXProject section */
		D4B9E50E1FB98AE200EA7B59 /* Project object */ = {
			isa = PBXProject;
			attributes = {
				LastSwiftUpdateCheck = 0900;
				LastUpgradeCheck = 0900;
				ORGANIZATIONNAME = "Waddah Aldrobi";
				TargetAttributes = {
					D4B9E5151FB98AE200EA7B59 = {
						CreatedOnToolsVersion = 9.0.1;
						ProvisioningStyle = Automatic;
					};
					D4B9E5291FB98AE200EA7B59 = {
						CreatedOnToolsVersion = 9.0.1;
						ProvisioningStyle = Automatic;
						TestTargetID = D4B9E5151FB98AE200EA7B59;
					};
					D4B9E5341FB98AE200EA7B59 = {
						CreatedOnToolsVersion = 9.0.1;
						ProvisioningStyle = Automatic;
						TestTargetID = D4B9E5151FB98AE200EA7B59;
					};
				};
			};
			buildConfigurationList = D4B9E5111FB98AE200EA7B59 /* Build configuration list for PBXProject "DataStructuresApp" */;
			compatibilityVersion = "Xcode 8.0";
			developmentRegion = en;
			hasScannedForEncodings = 0;
			knownRegions = (
				en,
				Base,
			);
			mainGroup = D4B9E50D1FB98AE200EA7B59;
			productRefGroup = D4B9E5171FB98AE200EA7B59 /* Products */;
			projectDirPath = "";
			projectRoot = "";
			targets = (
				D4B9E5151FB98AE200EA7B59 /* DataStructuresApp */,
				D4B9E5291FB98AE200EA7B59 /* DataStructuresAppTests */,
				D4B9E5341FB98AE200EA7B59 /* DataStructuresAppUITests */,
			);
		};
/* End PBXProject section */

/* Begin PBXResourcesBuildPhase section */
		D4B9E5141FB98AE200EA7B59 /* Resources */ = {
			isa = PBXResourcesBuildPhase;
			buildActionMask = 2147483647;
			files = (
				D4B9E5241FB98AE200EA7B59 /* LaunchScreen.storyboard in Resources */,
				AADBEFAC1FCA24D2005A3492 /* JSONData.json in Resources */,
				D49B8B48201BBE17007A9BBC /* Assets.xcassets in Resources */,
				D4B9E51F1FB98AE200EA7B59 /* Main.storyboard in Resources */,
				AA9650A4206596A100D34B7A /* zombies.txt in Resources */,
			);
			runOnlyForDeploymentPostprocessing = 0;
		};
		D4B9E5281FB98AE200EA7B59 /* Resources */ = {
			isa = PBXResourcesBuildPhase;
			buildActionMask = 2147483647;
			files = (
			);
			runOnlyForDeploymentPostprocessing = 0;
		};
		D4B9E5331FB98AE200EA7B59 /* Resources */ = {
			isa = PBXResourcesBuildPhase;
			buildActionMask = 2147483647;
			files = (
			);
			runOnlyForDeploymentPostprocessing = 0;
		};
/* End PBXResourcesBuildPhase section */

/* Begin PBXShellScriptBuildPhase section */
		087ACF4516155AC057EF6586 /* [CP] Check Pods Manifest.lock */ = {
			isa = PBXShellScriptBuildPhase;
			buildActionMask = 2147483647;
			files = (
			);
			inputPaths = (
				"${PODS_PODFILE_DIR_PATH}/Podfile.lock",
				"${PODS_ROOT}/Manifest.lock",
			);
			name = "[CP] Check Pods Manifest.lock";
			outputPaths = (
				"$(DERIVED_FILE_DIR)/Pods-DataStructuresApp-checkManifestLockResult.txt",
			);
			runOnlyForDeploymentPostprocessing = 0;
			shellPath = /bin/sh;
			shellScript = "diff \"${PODS_PODFILE_DIR_PATH}/Podfile.lock\" \"${PODS_ROOT}/Manifest.lock\" > /dev/null\nif [ $? != 0 ] ; then\n    # print error to STDERR\n    echo \"error: The sandbox is not in sync with the Podfile.lock. Run 'pod install' or update your CocoaPods installation.\" >&2\n    exit 1\nfi\n# This output is used by Xcode 'outputs' to avoid re-running this script phase.\necho \"SUCCESS\" > \"${SCRIPT_OUTPUT_FILE_0}\"\n";
			showEnvVarsInLog = 0;
		};
		4213E72AFCD07076709BAFEC /* [CP] Embed Pods Frameworks */ = {
			isa = PBXShellScriptBuildPhase;
			buildActionMask = 2147483647;
			files = (
			);
			inputPaths = (
				"${SRCROOT}/Pods/Target Support Files/Pods-DataStructuresApp/Pods-DataStructuresApp-frameworks.sh",
				"${BUILT_PRODUCTS_DIR}/Highlightr/Highlightr.framework",
			);
			name = "[CP] Embed Pods Frameworks";
			outputPaths = (
				"${TARGET_BUILD_DIR}/${FRAMEWORKS_FOLDER_PATH}/Highlightr.framework",
			);
			runOnlyForDeploymentPostprocessing = 0;
			shellPath = /bin/sh;
			shellScript = "\"${SRCROOT}/Pods/Target Support Files/Pods-DataStructuresApp/Pods-DataStructuresApp-frameworks.sh\"\n";
			showEnvVarsInLog = 0;
		};
		4B3C4AA9E01BBA2D7DFE0FA8 /* [CP] Copy Pods Resources */ = {
			isa = PBXShellScriptBuildPhase;
			buildActionMask = 2147483647;
			files = (
			);
			inputPaths = (
			);
			name = "[CP] Copy Pods Resources";
			outputPaths = (
			);
			runOnlyForDeploymentPostprocessing = 0;
			shellPath = /bin/sh;
			shellScript = "\"${SRCROOT}/Pods/Target Support Files/Pods-DataStructuresApp/Pods-DataStructuresApp-resources.sh\"\n";
			showEnvVarsInLog = 0;
		};
/* End PBXShellScriptBuildPhase section */

/* Begin PBXSourcesBuildPhase section */
		D4B9E5121FB98AE200EA7B59 /* Sources */ = {
			isa = PBXSourcesBuildPhase;
			buildActionMask = 2147483647;
			files = (
				D443CCF220632C8E00517B0D /* SubLessonsCell.swift in Sources */,
				852B1CFD1FBBB4170093A857 /* SummaryVC.swift in Sources */,
				AA5FA8CD20250DEE00292A6A /* QuizVC.swift in Sources */,
				AAC60A291FDDEF09002189C1 /* VisualizationVC.swift in Sources */,
				AAAF5D112037989B00BBEF40 /* AnswerCell.swift in Sources */,
				AAAF5D0D20372AC600BBEF40 /* QuizQuestionsVC.swift in Sources */,
				D46C11E4203951AC00527BA7 /* CodeCell.swift in Sources */,
				AA9650A220658E4400D34B7A /* CTView.swift in Sources */,
				AAAF5D0F20372AF400BBEF40 /* QuizContinueVC.swift in Sources */,
				D4B9E51C1FB98AE200EA7B59 /* SubLessons.swift in Sources */,
				852B1D021FBBB43B0093A857 /* CodeVC.swift in Sources */,
				AA597E86205B4036003A60FA /* DataSingleton.swift in Sources */,
				AA56167F204BC21F00AC1AFA /* QuizFinish.swift in Sources */,
				D4B9E5481FB98C1B00EA7B59 /* Lessons.swift in Sources */,
				D4EA978F1FBAB0FB00F93BCC /* TopicCell.swift in Sources */,
				AA9650A020658DD200D34B7A /* MarkupParser.swift in Sources */,
				AAC448182037E3C00040D4EB /* SubTopicCell.swift in Sources */,
				D4B9E51A1FB98AE200EA7B59 /* AppDelegate.swift in Sources */,
			);
			runOnlyForDeploymentPostprocessing = 0;
		};
		D4B9E5261FB98AE200EA7B59 /* Sources */ = {
			isa = PBXSourcesBuildPhase;
			buildActionMask = 2147483647;
			files = (
				D4B9E52F1FB98AE200EA7B59 /* DataStructuresAppTests.swift in Sources */,
			);
			runOnlyForDeploymentPostprocessing = 0;
		};
		D4B9E5311FB98AE200EA7B59 /* Sources */ = {
			isa = PBXSourcesBuildPhase;
			buildActionMask = 2147483647;
			files = (
				D4B9E53A1FB98AE200EA7B59 /* DataStructuresAppUITests.swift in Sources */,
			);
			runOnlyForDeploymentPostprocessing = 0;
		};
/* End PBXSourcesBuildPhase section */

/* Begin PBXTargetDependency section */
		D4B9E52C1FB98AE200EA7B59 /* PBXTargetDependency */ = {
			isa = PBXTargetDependency;
			target = D4B9E5151FB98AE200EA7B59 /* DataStructuresApp */;
			targetProxy = D4B9E52B1FB98AE200EA7B59 /* PBXContainerItemProxy */;
		};
		D4B9E5371FB98AE200EA7B59 /* PBXTargetDependency */ = {
			isa = PBXTargetDependency;
			target = D4B9E5151FB98AE200EA7B59 /* DataStructuresApp */;
			targetProxy = D4B9E5361FB98AE200EA7B59 /* PBXContainerItemProxy */;
		};
/* End PBXTargetDependency section */

/* Begin PBXVariantGroup section */
		D4B9E51D1FB98AE200EA7B59 /* Main.storyboard */ = {
			isa = PBXVariantGroup;
			children = (
				D4B9E51E1FB98AE200EA7B59 /* Base */,
			);
			name = Main.storyboard;
			sourceTree = "<group>";
		};
		D4B9E5221FB98AE200EA7B59 /* LaunchScreen.storyboard */ = {
			isa = PBXVariantGroup;
			children = (
				D4B9E5231FB98AE200EA7B59 /* Base */,
			);
			name = LaunchScreen.storyboard;
			sourceTree = "<group>";
		};
/* End PBXVariantGroup section */

/* Begin XCBuildConfiguration section */
		D4B9E53C1FB98AE200EA7B59 /* Debug */ = {
			isa = XCBuildConfiguration;
			buildSettings = {
				ALWAYS_SEARCH_USER_PATHS = NO;
				CLANG_ANALYZER_NONNULL = YES;
				CLANG_ANALYZER_NUMBER_OBJECT_CONVERSION = YES_AGGRESSIVE;
				CLANG_CXX_LANGUAGE_STANDARD = "gnu++14";
				CLANG_CXX_LIBRARY = "libc++";
				CLANG_ENABLE_MODULES = YES;
				CLANG_ENABLE_OBJC_ARC = YES;
				CLANG_WARN_BLOCK_CAPTURE_AUTORELEASING = YES;
				CLANG_WARN_BOOL_CONVERSION = YES;
				CLANG_WARN_COMMA = YES;
				CLANG_WARN_CONSTANT_CONVERSION = YES;
				CLANG_WARN_DIRECT_OBJC_ISA_USAGE = YES_ERROR;
				CLANG_WARN_DOCUMENTATION_COMMENTS = YES;
				CLANG_WARN_EMPTY_BODY = YES;
				CLANG_WARN_ENUM_CONVERSION = YES;
				CLANG_WARN_INFINITE_RECURSION = YES;
				CLANG_WARN_INT_CONVERSION = YES;
				CLANG_WARN_NON_LITERAL_NULL_CONVERSION = YES;
				CLANG_WARN_OBJC_LITERAL_CONVERSION = YES;
				CLANG_WARN_OBJC_ROOT_CLASS = YES_ERROR;
				CLANG_WARN_RANGE_LOOP_ANALYSIS = YES;
				CLANG_WARN_STRICT_PROTOTYPES = YES;
				CLANG_WARN_SUSPICIOUS_MOVE = YES;
				CLANG_WARN_UNGUARDED_AVAILABILITY = YES_AGGRESSIVE;
				CLANG_WARN_UNREACHABLE_CODE = YES;
				CLANG_WARN__DUPLICATE_METHOD_MATCH = YES;
				CODE_SIGN_IDENTITY = "iPhone Developer";
				COPY_PHASE_STRIP = NO;
				DEBUG_INFORMATION_FORMAT = dwarf;
				ENABLE_STRICT_OBJC_MSGSEND = YES;
				ENABLE_TESTABILITY = YES;
				GCC_C_LANGUAGE_STANDARD = gnu11;
				GCC_DYNAMIC_NO_PIC = NO;
				GCC_NO_COMMON_BLOCKS = YES;
				GCC_OPTIMIZATION_LEVEL = 0;
				GCC_PREPROCESSOR_DEFINITIONS = (
					"DEBUG=1",
					"$(inherited)",
				);
				GCC_WARN_64_TO_32_BIT_CONVERSION = YES;
				GCC_WARN_ABOUT_RETURN_TYPE = YES_ERROR;
				GCC_WARN_UNDECLARED_SELECTOR = YES;
				GCC_WARN_UNINITIALIZED_AUTOS = YES_AGGRESSIVE;
				GCC_WARN_UNUSED_FUNCTION = YES;
				GCC_WARN_UNUSED_VARIABLE = YES;
				IPHONEOS_DEPLOYMENT_TARGET = 11.0;
				MTL_ENABLE_DEBUG_INFO = YES;
				ONLY_ACTIVE_ARCH = YES;
				SDKROOT = iphoneos;
				SWIFT_ACTIVE_COMPILATION_CONDITIONS = DEBUG;
				SWIFT_OPTIMIZATION_LEVEL = "-Onone";
			};
			name = Debug;
		};
		D4B9E53D1FB98AE200EA7B59 /* Release */ = {
			isa = XCBuildConfiguration;
			buildSettings = {
				ALWAYS_SEARCH_USER_PATHS = NO;
				CLANG_ANALYZER_NONNULL = YES;
				CLANG_ANALYZER_NUMBER_OBJECT_CONVERSION = YES_AGGRESSIVE;
				CLANG_CXX_LANGUAGE_STANDARD = "gnu++14";
				CLANG_CXX_LIBRARY = "libc++";
				CLANG_ENABLE_MODULES = YES;
				CLANG_ENABLE_OBJC_ARC = YES;
				CLANG_WARN_BLOCK_CAPTURE_AUTORELEASING = YES;
				CLANG_WARN_BOOL_CONVERSION = YES;
				CLANG_WARN_COMMA = YES;
				CLANG_WARN_CONSTANT_CONVERSION = YES;
				CLANG_WARN_DIRECT_OBJC_ISA_USAGE = YES_ERROR;
				CLANG_WARN_DOCUMENTATION_COMMENTS = YES;
				CLANG_WARN_EMPTY_BODY = YES;
				CLANG_WARN_ENUM_CONVERSION = YES;
				CLANG_WARN_INFINITE_RECURSION = YES;
				CLANG_WARN_INT_CONVERSION = YES;
				CLANG_WARN_NON_LITERAL_NULL_CONVERSION = YES;
				CLANG_WARN_OBJC_LITERAL_CONVERSION = YES;
				CLANG_WARN_OBJC_ROOT_CLASS = YES_ERROR;
				CLANG_WARN_RANGE_LOOP_ANALYSIS = YES;
				CLANG_WARN_STRICT_PROTOTYPES = YES;
				CLANG_WARN_SUSPICIOUS_MOVE = YES;
				CLANG_WARN_UNGUARDED_AVAILABILITY = YES_AGGRESSIVE;
				CLANG_WARN_UNREACHABLE_CODE = YES;
				CLANG_WARN__DUPLICATE_METHOD_MATCH = YES;
				CODE_SIGN_IDENTITY = "iPhone Developer";
				COPY_PHASE_STRIP = NO;
				DEBUG_INFORMATION_FORMAT = "dwarf-with-dsym";
				ENABLE_NS_ASSERTIONS = NO;
				ENABLE_STRICT_OBJC_MSGSEND = YES;
				GCC_C_LANGUAGE_STANDARD = gnu11;
				GCC_NO_COMMON_BLOCKS = YES;
				GCC_WARN_64_TO_32_BIT_CONVERSION = YES;
				GCC_WARN_ABOUT_RETURN_TYPE = YES_ERROR;
				GCC_WARN_UNDECLARED_SELECTOR = YES;
				GCC_WARN_UNINITIALIZED_AUTOS = YES_AGGRESSIVE;
				GCC_WARN_UNUSED_FUNCTION = YES;
				GCC_WARN_UNUSED_VARIABLE = YES;
				IPHONEOS_DEPLOYMENT_TARGET = 11.0;
				MTL_ENABLE_DEBUG_INFO = NO;
				SDKROOT = iphoneos;
				SWIFT_OPTIMIZATION_LEVEL = "-Owholemodule";
				VALIDATE_PRODUCT = YES;
			};
			name = Release;
		};
		D4B9E53F1FB98AE200EA7B59 /* Debug */ = {
			isa = XCBuildConfiguration;
			baseConfigurationReference = CA18835B57E07967E2A2FB34 /* Pods-DataStructuresApp.debug.xcconfig */;
			buildSettings = {
				ASSETCATALOG_COMPILER_APPICON_NAME = AppIcon;
				CODE_SIGN_STYLE = Automatic;
				DEVELOPMENT_TEAM = 5R98LK6F9X;
				INFOPLIST_FILE = DataStructuresApp/Info.plist;
				IPHONEOS_DEPLOYMENT_TARGET = 9.0;
				LD_RUNPATH_SEARCH_PATHS = "$(inherited) @executable_path/Frameworks";
				PRODUCT_BUNDLE_IDENTIFIER = com.ethan.DataStructures;
				PRODUCT_NAME = "$(TARGET_NAME)";
				SWIFT_VERSION = 4.0;
				TARGETED_DEVICE_FAMILY = "1,2";
			};
			name = Debug;
		};
		D4B9E5401FB98AE200EA7B59 /* Release */ = {
			isa = XCBuildConfiguration;
			baseConfigurationReference = 0272B21525B534000AAB3D15 /* Pods-DataStructuresApp.release.xcconfig */;
			buildSettings = {
				ASSETCATALOG_COMPILER_APPICON_NAME = AppIcon;
				CODE_SIGN_STYLE = Automatic;
				DEVELOPMENT_TEAM = 5R98LK6F9X;
				INFOPLIST_FILE = DataStructuresApp/Info.plist;
				IPHONEOS_DEPLOYMENT_TARGET = 9.0;
				LD_RUNPATH_SEARCH_PATHS = "$(inherited) @executable_path/Frameworks";
				PRODUCT_BUNDLE_IDENTIFIER = com.ethan.DataStructures;
				PRODUCT_NAME = "$(TARGET_NAME)";
				SWIFT_OPTIMIZATION_LEVEL = "-Onone";
				SWIFT_VERSION = 4.0;
				TARGETED_DEVICE_FAMILY = "1,2";
			};
			name = Release;
		};
		D4B9E5421FB98AE200EA7B59 /* Debug */ = {
			isa = XCBuildConfiguration;
			buildSettings = {
				ALWAYS_EMBED_SWIFT_STANDARD_LIBRARIES = YES;
				BUNDLE_LOADER = "$(TEST_HOST)";
				CODE_SIGN_STYLE = Automatic;
				INFOPLIST_FILE = DataStructuresAppTests/Info.plist;
				IPHONEOS_DEPLOYMENT_TARGET = 9.3;
				LD_RUNPATH_SEARCH_PATHS = "$(inherited) @executable_path/Frameworks @loader_path/Frameworks";
				PRODUCT_BUNDLE_IDENTIFIER = waddah.DataStructuresAppTests;
				PRODUCT_NAME = "$(TARGET_NAME)";
				SWIFT_VERSION = 4.0;
				TARGETED_DEVICE_FAMILY = "1,2";
				TEST_HOST = "$(BUILT_PRODUCTS_DIR)/DataStructuresApp.app/DataStructuresApp";
			};
			name = Debug;
		};
		D4B9E5431FB98AE200EA7B59 /* Release */ = {
			isa = XCBuildConfiguration;
			buildSettings = {
				ALWAYS_EMBED_SWIFT_STANDARD_LIBRARIES = YES;
				BUNDLE_LOADER = "$(TEST_HOST)";
				CODE_SIGN_STYLE = Automatic;
				INFOPLIST_FILE = DataStructuresAppTests/Info.plist;
				IPHONEOS_DEPLOYMENT_TARGET = 9.3;
				LD_RUNPATH_SEARCH_PATHS = "$(inherited) @executable_path/Frameworks @loader_path/Frameworks";
				PRODUCT_BUNDLE_IDENTIFIER = waddah.DataStructuresAppTests;
				PRODUCT_NAME = "$(TARGET_NAME)";
				SWIFT_VERSION = 4.0;
				TARGETED_DEVICE_FAMILY = "1,2";
				TEST_HOST = "$(BUILT_PRODUCTS_DIR)/DataStructuresApp.app/DataStructuresApp";
			};
			name = Release;
		};
		D4B9E5451FB98AE200EA7B59 /* Debug */ = {
			isa = XCBuildConfiguration;
			buildSettings = {
				ALWAYS_EMBED_SWIFT_STANDARD_LIBRARIES = YES;
				CODE_SIGN_STYLE = Automatic;
				INFOPLIST_FILE = DataStructuresAppUITests/Info.plist;
				IPHONEOS_DEPLOYMENT_TARGET = 9.3;
				LD_RUNPATH_SEARCH_PATHS = "$(inherited) @executable_path/Frameworks @loader_path/Frameworks";
				PRODUCT_BUNDLE_IDENTIFIER = waddah.DataStructuresAppUITests;
				PRODUCT_NAME = "$(TARGET_NAME)";
				SWIFT_VERSION = 4.0;
				TARGETED_DEVICE_FAMILY = "1,2";
				TEST_TARGET_NAME = DataStructuresApp;
			};
			name = Debug;
		};
		D4B9E5461FB98AE200EA7B59 /* Release */ = {
			isa = XCBuildConfiguration;
			buildSettings = {
				ALWAYS_EMBED_SWIFT_STANDARD_LIBRARIES = YES;
				CODE_SIGN_STYLE = Automatic;
				INFOPLIST_FILE = DataStructuresAppUITests/Info.plist;
				IPHONEOS_DEPLOYMENT_TARGET = 9.3;
				LD_RUNPATH_SEARCH_PATHS = "$(inherited) @executable_path/Frameworks @loader_path/Frameworks";
				PRODUCT_BUNDLE_IDENTIFIER = waddah.DataStructuresAppUITests;
				PRODUCT_NAME = "$(TARGET_NAME)";
				SWIFT_VERSION = 4.0;
				TARGETED_DEVICE_FAMILY = "1,2";
				TEST_TARGET_NAME = DataStructuresApp;
			};
			name = Release;
		};
/* End XCBuildConfiguration section */

/* Begin XCConfigurationList section */
		D4B9E5111FB98AE200EA7B59 /* Build configuration list for PBXProject "DataStructuresApp" */ = {
			isa = XCConfigurationList;
			buildConfigurations = (
				D4B9E53C1FB98AE200EA7B59 /* Debug */,
				D4B9E53D1FB98AE200EA7B59 /* Release */,
			);
			defaultConfigurationIsVisible = 0;
			defaultConfigurationName = Release;
		};
		D4B9E53E1FB98AE200EA7B59 /* Build configuration list for PBXNativeTarget "DataStructuresApp" */ = {
			isa = XCConfigurationList;
			buildConfigurations = (
				D4B9E53F1FB98AE200EA7B59 /* Debug */,
				D4B9E5401FB98AE200EA7B59 /* Release */,
			);
			defaultConfigurationIsVisible = 0;
			defaultConfigurationName = Release;
		};
		D4B9E5411FB98AE200EA7B59 /* Build configuration list for PBXNativeTarget "DataStructuresAppTests" */ = {
			isa = XCConfigurationList;
			buildConfigurations = (
				D4B9E5421FB98AE200EA7B59 /* Debug */,
				D4B9E5431FB98AE200EA7B59 /* Release */,
			);
			defaultConfigurationIsVisible = 0;
			defaultConfigurationName = Release;
		};
		D4B9E5441FB98AE200EA7B59 /* Build configuration list for PBXNativeTarget "DataStructuresAppUITests" */ = {
			isa = XCConfigurationList;
			buildConfigurations = (
				D4B9E5451FB98AE200EA7B59 /* Debug */,
				D4B9E5461FB98AE200EA7B59 /* Release */,
			);
			defaultConfigurationIsVisible = 0;
			defaultConfigurationName = Release;
		};
/* End XCConfigurationList section */
	};
	rootObject = D4B9E50E1FB98AE200EA7B59 /* Project object */;
}
